lockfileVersion: '9.0'

settings:
  autoInstallPeers: true
  excludeLinksFromLockfile: false

importers:

  .:
    dependencies:
      '@clerk/react-router':
        specifier: ^3.6.15
        version: 3.6.15(react-dom@19.2.8(react@19.2.8))(react-router@8.3.0(react-dom@19.2.8(react@19.2.8))(react@19.2.8))(react@19.2.8)

packages:

  '@clerk/backend@3.16.10':
    resolution: {integrity: sha512-rYGgr3sshL6Jaq5bvw3hGYnvOj31o6Yie/jWYiNUnlET9RFH82GywxWIGv6YVGSdYIFVm6DnaCyKqXc/hff/hA==}
    engines: {node: '>=20.9.0'}

  '@clerk/react-router@3.6.15':
    resolution: {integrity: sha512-BLVNhUCElcjzey6oEjD2H5tErBoY4aM6DGxbmlL+sGUo+5QVSs2TDGG64b2FKBaZI7QZH/qZLo8hOIuBQ/NF5Q==}
    engines: {node: '>=20.9.0'}
    peerDependencies:
      react: ^18.0.0 || ~19.0.3 || ~19.1.4 || ~19.2.3 || ~19.3.0-0
      react-dom: ^18.0.0 || ~19.0.3 || ~19.1.4 || ~19.2.3 || ~19.3.0-0
      react-router: ^7.9.0 || ^8.3.0

  '@clerk/react@6.14.5':
    resolution: {integrity: sha512-J8VYDmlRqe2+fq49+FtsbQHJG6p5TcCjJ5myA0sBZ5ht8m2HsgJ9OV6qmIpupLmnDgu9Cp/9Pe/JpUM1JAxAjA==}
    engines: {node: '>=20.9.0'}
    peerDependencies:
      react: ^18.0.0 || ~19.0.3 || ~19.1.4 || ~19.2.3 || ~19.3.0-0
      react-dom: ^18.0.0 || ~19.0.3 || ~19.1.4 || ~19.2.3 || ~19.3.0-0

  '@clerk/shared@4.29.3':
    resolution: {integrity: sha512-sc9CNFDR3q+tJ8N5MkGcHGiXlgupQ6DMcZlXdk88kfo1Pl7G9EFK8e4mzp5D9OiYGRJ7rPnZCKiWoyInD59QXw==}
    engines: {node: '>=20.9.0'}
    peerDependencies:
      react: ^18.0.0 || ~19.0.3 || ~19.1.4 || ~19.2.3 || ~19.3.0-0
      react-dom: ^18.0.0 || ~19.0.3 || ~19.1.4 || ~19.2.3 || ~19.3.0-0
    peerDependenciesMeta:
      react:
        optional: true
      react-dom:
        optional: true

  '@stablelib/base64@1.0.1':
    resolution: {integrity: sha512-1bnPQqSxSuc3Ii6MhBysoWCg58j97aUjuCSZrGSmDxNqtytIi0k8utUenAwTZN4V5mXXYGsVUI9zeBqy+jBOSQ==}

  '@tanstack/query-core@5.102.1':
    resolution: {integrity: sha512-bJTsrO2ODWSgg+x1leTsK036GBtmNNjnrF1Vk06J5fg/phYZLQIdXrBe0uf5xTItXYvIW1MtbLhyPw7cPMqUUQ==}

  cookie-es@3.1.1:
    resolution: {integrity: sha512-UaXxwISYJPTr9hwQxMFYZ7kNhSXboMXP+Z3TRX6f1/NyaGPfuNUZOWP1pUEb75B2HjfklIYLVRfWiFZJyC6Npg==}

  cookie@1.0.2:
    resolution: {integrity: sha512-9Kr/j4O16ISv8zBBhJoi4bXOYNTkFLOqSL3UDB0njXxCXNezjeyVrJyGOWtgfs/q2km1gwBcfH8q1yEGoMYunA==}
    engines: {node: '>=18'}

  dequal@2.0.3:
    resolution: {integrity: sha512-0je+qPKHEMohvfRTCEo3CrPG6cAzAYgmzKyxRiYSSDkS6eGJdyVJm7WaYA5ECaAD9wLB2T4EEeymA5aFVcYXCA==}
    engines: {node: '>=6'}

  fast-sha256@1.3.0:
    resolution: {integrity: sha512-n11RGP/lrWEFI/bWdygLxhI+pVeo1ZYIVwvvPkW7azl/rOy+F3HYRZ2K5zeE9mmkhQppyv9sQFx0JM9UabnpPQ==}

  glob-to-regexp@0.4.1:
    resolution: {integrity: sha512-lkX1HJXwyMcprw/5YUZc2s7DrpAiHB21/V+E1rHUrVNokkvB6bqMzT0VfV6/86ZNabt1k14YOIaT7nDvOX3Iiw==}

  js-cookie@3.0.7:
    resolution: {integrity: sha512-z/wZZgDrkNV1eA0ULjM/F9/50Ya8fbzgKneSpoPsXSGd0KnpdtHfOZWK+GcwLk+EZbS4F9RBhU+K2RgzuDaItw==}
    engines: {node: '>=20'}

  react-dom@19.2.8:
    resolution: {integrity: sha512-rVprimfGBG3DR+Tq0IQG2DT5PxKth1WIGDmj5yPmlzr4YBe7uyE+Du4oVqTDXZSHGGGXRtTJEGSSePyQCMBglQ==}
    peerDependencies:
      react: ^19.2.8

  react-router@8.3.0:
    resolution: {integrity: sha512-qyPMvW83jGIct3yiieisxdk9M745anqhpIMKN5m1t6yBMfgVPpt77aHOqs5fUlEJRMCGffg9BaQLH9oPVOL7xQ==}
    engines: {node: '>=22.22.0'}
    peerDependencies:
      react: '>=19.2.7'
      react-dom: '>=19.2.7'
    peerDependenciesMeta:
      react-dom:
        optional: true

  react@19.2.8:
    resolution: {integrity: sha512-PWaYA1L/q9u2u7xYQi+Y3L3Yfnie7XyLeaJICV1MGD6LprsBxcAqGjYyr0eY3p+QdsA+x/Irkt4Qif8D63+Sbw==}
    engines: {node: '>=0.10.0'}

  scheduler@0.27.0:
    resolution: {integrity: sha512-eNv+WrVbKu1f3vbYJT/xtiF5syA5HPIMtf9IgY/nKg0sWqzAUEvqY/xm7OcZc/qafLx/iO9FgOmeSAp4v5ti/Q==}

  standardwebhooks@1.0.0:
    resolution: {integrity: sha512-BbHGOQK9olHPMvQNHWul6MYlrRTAOKn03rOe4A8O3CLWhNf4YHBqq2HJKKC+sfqpxiBY52pNeesD6jIiLDz8jg==}

  tslib@2.8.1:
    resolution: {integrity: sha512-oJFu94HQb+KVduSUQL7wnpmqnfmLsOA/nAh6b6EH0wCEoK0/mPeXU6c3wKDV83MkOuHPRHtSXKKU99IBazS/2w==}

snapshots:

  '@clerk/backend@3.16.10(react-dom@19.2.8(react@19.2.8))(react@19.2.8)':
    dependencies:
      '@clerk/shared': 4.29.3(react-dom@19.2.8(react@19.2.8))(react@19.2.8)
      standardwebhooks: 1.0.0
      tslib: 2.8.1
    transitivePeerDependencies:
      - react
      - react-dom

  '@clerk/react-router@3.6.15(react-dom@19.2.8(react@19.2.8))(react-router@8.3.0(react-dom@19.2.8(react@19.2.8))(react@19.2.8))(react@19.2.8)':
    dependencies:
      '@clerk/backend': 3.16.10(react-dom@19.2.8(react@19.2.8))(react@19.2.8)
      '@clerk/react': 6.14.5(react-dom@19.2.8(react@19.2.8))(react@19.2.8)
      '@clerk/shared': 4.29.3(react-dom@19.2.8(react@19.2.8))(react@19.2.8)
      cookie: 1.0.2
      react: 19.2.8
      react-dom: 19.2.8(react@19.2.8)
      react-router: 8.3.0(react-dom@19.2.8(react@19.2.8))(react@19.2.8)
      tslib: 2.8.1

  '@clerk/react@6.14.5(react-dom@19.2.8(react@19.2.8))(react@19.2.8)':
    dependencies:
      '@clerk/shared': 4.29.3(react-dom@19.2.8(react@19.2.8))(react@19.2.8)
      react: 19.2.8
      react-dom: 19.2.8(react@19.2.8)
      tslib: 2.8.1

  '@clerk/shared@4.29.3(react-dom@19.2.8(react@19.2.8))(react@19.2.8)':
    dependencies:
      '@tanstack/query-core': 5.102.1
      dequal: 2.0.3
      glob-to-regexp: 0.4.1
      js-cookie: 3.0.7
    optionalDependencies:
      react: 19.2.8
      react-dom: 19.2.8(react@19.2.8)

  '@stablelib/base64@1.0.1': {}

  '@tanstack/query-core@5.102.1': {}

  cookie-es@3.1.1: {}

  cookie@1.0.2: {}

  dequal@2.0.3: {}

  fast-sha256@1.3.0: {}

  glob-to-regexp@0.4.1: {}

  js-cookie@3.0.7: {}

  react-dom@19.2.8(react@19.2.8):
    dependencies:
      react: 19.2.8
      scheduler: 0.27.0

  react-router@8.3.0(react-dom@19.2.8(react@19.2.8))(react@19.2.8):
    dependencies:
      cookie-es: 3.1.1
      react: 19.2.8
    optionalDependencies:
      react-dom: 19.2.8(react@19.2.8)

  react@19.2.8: {}

  scheduler@0.27.0: {}

  standardwebhooks@1.0.0:
    dependencies:
      '@stablelib/base64': 1.0.1
      fast-sha256: 1.3.0

  tslib@2.8.1: {}
